
Microsoft Visual Studio Solution File, Format Version 12.00
# Visual Studio Version 16
VisualStudioVersion = 16.0.31005.135
MinimumVisualStudioVersion = 10.0.40219.1
Project("{FAE04EC0-301F-11D3-BF4B-00C04F79EFBC}") = "CustomerService", "CustomerService\CustomerService.csproj", "{4255230A-3E84-4BBC-85F7-A921419725A1}"
EndProject
Global
	GlobalSection(SolutionConfigurationPlatforms) = preSolution
		Debug|Any CPU = Debug|Any CPU
		Release|Any CPU = Release|Any CPU
	EndGlobalSection
	GlobalSection(ProjectConfigurationPlatforms) = postSolution
		{4255230A-3E84-4BBC-85F7-A921419725A1}.Debug|Any CPU.ActiveCfg = Debug|Any CPU
		{4255230A-3E84-4BBC-85F7-A921419725A1}.Debug|Any CPU.Build.0 = Debug|Any CPU
		{4255230A-3E84-4BBC-85F7-A921419725A1}.Release|Any CPU.ActiveCfg = Release|Any CPU
		{4255230A-3E84-4BBC-85F7-A921419725A1}.Release|Any CPU.Build.0 = Release|Any CPU
	EndGlobalSection
	GlobalSection(SolutionProperties) = preSolution
		HideSolutionNode = FALSE
	EndGlobalSection
	GlobalSection(ExtensibilityGlobals) = postSolution
		SolutionGuid = {1FFBCE5F-73D6-427E-9114-7398FFD54D05}
	EndGlobalSection
EndGlobal
